
Microsoft Visual Studio Solution File, Format Version 12.00
# Visual Studio 14
VisualStudioVersion = 14.0.24720.0
MinimumVisualStudioVersion = 10.0.40219.1
Project("{FAE04EC0-301F-11D3-BF4B-00C04F79EFBC}") = "SumITComp.API", "SumITComp.API\SumITComp.API.csproj", "{6E0926DC-E959-484B-8E1B-E1BD5BA6FDE6}"
EndProject
Project("{FAE04EC0-301F-11D3-BF4B-00C04F79EFBC}") = "SumITComp.API.Tests", "SumITComp.API.Tests\SumITComp.API.Tests.csproj", "{0DDCB178-06C5-4074-9995-A0F1ED85E598}"
EndProject
Project("{FAE04EC0-301F-11D3-BF4B-00C04F79EFBC}") = "SumITComp.Repository", "SumITComp.Repository\SumITComp.Repository.csproj", "{8E4A1110-25C0-4436-8D09-BECE6FF78FF0}"
EndProject
Global
	GlobalSection(SolutionConfigurationPlatforms) = preSolution
		Debug|Any CPU = Debug|Any CPU
		Release|Any CPU = Release|Any CPU
	EndGlobalSection
	GlobalSection(ProjectConfigurationPlatforms) = postSolution
		{6E0926DC-E959-484B-8E1B-E1BD5BA6FDE6}.Debug|Any CPU.ActiveCfg = Debug|Any CPU
		{6E0926DC-E959-484B-8E1B-E1BD5BA6FDE6}.Debug|Any CPU.Build.0 = Debug|Any CPU
		{6E0926DC-E959-484B-8E1B-E1BD5BA6FDE6}.Release|Any CPU.ActiveCfg = Release|Any CPU
		{6E0926DC-E959-484B-8E1B-E1BD5BA6FDE6}.Release|Any CPU.Build.0 = Release|Any CPU
		{0DDCB178-06C5-4074-9995-A0F1ED85E598}.Debug|Any CPU.ActiveCfg = Debug|Any CPU
		{0DDCB178-06C5-4074-9995-A0F1ED85E598}.Debug|Any CPU.Build.0 = Debug|Any CPU
		{0DDCB178-06C5-4074-9995-A0F1ED85E598}.Release|Any CPU.ActiveCfg = Release|Any CPU
		{0DDCB178-06C5-4074-9995-A0F1ED85E598}.Release|Any CPU.Build.0 = Release|Any CPU
		{8E4A1110-25C0-4436-8D09-BECE6FF78FF0}.Debug|Any CPU.ActiveCfg = Debug|Any CPU
		{8E4A1110-25C0-4436-8D09-BECE6FF78FF0}.Debug|Any CPU.Build.0 = Debug|Any CPU
		{8E4A1110-25C0-4436-8D09-BECE6FF78FF0}.Release|Any CPU.ActiveCfg = Release|Any CPU
		{8E4A1110-25C0-4436-8D09-BECE6FF78FF0}.Release|Any CPU.Build.0 = Release|Any CPU
	EndGlobalSection
	GlobalSection(SolutionProperties) = preSolution
		HideSolutionNode = FALSE
	EndGlobalSection
EndGlobal
